<?xml version="1.0" encoding="utf-8"?>
<Project ToolsVersion="4.0" xmlns="http://schemas.microsoft.com/developer/msbuild/2003">
  <ItemGroup>
    <Filter Include="Source Files">
      <UniqueIdentifier>{4FC737F1-C7A5-4376-A066-2A32D752A2FF}</UniqueIdentifier>
      <Extensions>cpp;c;cc;cxx;def;odl;idl;hpj;bat;asm;asmx</Extensions>
    </Filter>
    <Filter Include="Header Files">
      <UniqueIdentifier>{93995380-89BD-4b04-88EB-625FBE52EBFB}</UniqueIdentifier>
      <Extensions>h;hh;hpp;hxx;hm;inl;inc;ipp;xsd</Extensions>
    </Filter>
    <Filter Include="Resource Files">
      <UniqueIdentifier>{67DA6AB6-F800-4c08-8B7A-83BB121AAD01}</UniqueIdentifier>
      <Extensions>rc;ico;cur;bmp;dlg;rc2;rct;bin;rgs;gif;jpg;jpeg;jpe;resx;tiff;tif;png;wav;mfcribbon-ms</Extensions>
    </Filter>
  </ItemGroup>
  <ItemGroup>
    <ClCompile Include="src\main.cpp">
      <Filter>Source Files</Filter>
    </ClCompile>
    <ClCompile Include="src\graphics\window.cpp">
      <Filter>Source Files</Filter>
    </ClCompile>
    <ClCompile Include="src\graphics\shader.cpp">
      <Filter>Source Files</Filter>
    </ClCompile>
    <ClCompile Include="src\input\input.cpp">
      <Filter>Source Files</Filter>
    </ClCompile>
    <ClCompile Include="src\entity\entity.cpp">
      <Filter>Source Files</Filter>
    </ClCompile>
    <ClCompile Include="src\entity\game_object.cpp">
      <Filter>Source Files</Filter>
    </ClCompile>
    <ClCompile Include="src\graphics\mesh.cpp">
      <Filter>Source Files</Filter>
    </ClCompile>
    <ClCompile Include="src\time\time.cpp">
      <Filter>Source Files</Filter>
    </ClCompile>
    <ClCompile Include="src\graphics\buffer\index_buffer.cpp">
      <Filter>Source Files</Filter>
    </ClCompile>
    <ClCompile Include="src\graphics\buffer\vertex_array.cpp">
      <Filter>Source Files</Filter>
    </ClCompile>
    <ClCompile Include="src\graphics\buffer\vertex_buffer.cpp">
      <Filter>Source Files</Filter>
    </ClCompile>
    <ClCompile Include="src\io\filesystem\virtual_file_system.cpp">
      <Filter>Source Files</Filter>
    </ClCompile>
    <ClCompile Include="src\io\file\virtual_file.cpp">
      <Filter>Source Files</Filter>
    </ClCompile>
    <ClCompile Include="src\entity\scene.cpp">
      <Filter>Source Files</Filter>
    </ClCompile>
    <ClCompile Include="src\buildsystems\scene_manager.cpp">
      <Filter>Source Files</Filter>
    </ClCompile>
    <ClCompile Include="res\scripts\rotate.cpp">
      <Filter>Source Files</Filter>
    </ClCompile>
    <ClCompile Include="res\scripts\movement.cpp">
      <Filter>Source Files</Filter>
    </ClCompile>
    <ClCompile Include="src\io\importers\obj\obj_importer.cpp">
      <Filter>Source Files</Filter>
    </ClCompile>
    <ClCompile Include="src\graphics\vulkan\vulkan_renderer.cpp">
      <Filter>Source Files</Filter>
    </ClCompile>
    <ClCompile Include="src\graphics\opengl\opengl_renderer.cpp">
      <Filter>Source Files</Filter>
    </ClCompile>
  </ItemGroup>
  <ItemGroup>
    <ClInclude Include="src\graphics\window.h">
      <Filter>Header Files</Filter>
    </ClInclude>
    <ClInclude Include="src\graphics\shader.h">
      <Filter>Header Files</Filter>
    </ClInclude>
    <ClInclude Include="src\input\input.h">
      <Filter>Header Files</Filter>
    </ClInclude>
    <ClInclude Include="src\entity\entity.h">
      <Filter>Header Files</Filter>
    </ClInclude>
    <ClInclude Include="src\entity\transform.h">
      <Filter>Header Files</Filter>
    </ClInclude>
    <ClInclude Include="src\entity\game_object.h">
      <Filter>Header Files</Filter>
    </ClInclude>
    <ClInclude Include="src\graphics\mesh.h">
      <Filter>Header Files</Filter>
    </ClInclude>
    <ClInclude Include="src\graphics\e.h">
      <Filter>Header Files</Filter>
    </ClInclude>
    <ClInclude Include="src\time\time.h">
      <Filter>Header Files</Filter>
    </ClInclude>
    <ClInclude Include="src\common\singleton_instance.h">
      <Filter>Header Files</Filter>
    </ClInclude>
    <ClInclude Include="src\io\utils\file_utils.h">
      <Filter>Header Files</Filter>
    </ClInclude>
    <ClInclude Include="src\graphics\buffer\index_buffer.h">
      <Filter>Header Files</Filter>
    </ClInclude>
    <ClInclude Include="src\graphics\buffer\vertex_array.h">
      <Filter>Header Files</Filter>
    </ClInclude>
    <ClInclude Include="src\graphics\buffer\vertex_buffer.h">
      <Filter>Header Files</Filter>
    </ClInclude>
    <ClInclude Include="src\io\importers\obj\obj_importer.h">
      <Filter>Header Files</Filter>
    </ClInclude>
    <ClInclude Include="src\io\common\file_types.h">
      <Filter>Header Files</Filter>
    </ClInclude>
    <ClInclude Include="src\io\filesystem\virtual_file_system.h">
      <Filter>Header Files</Filter>
    </ClInclude>
    <ClInclude Include="src\io\file\virtual_file.h">
      <Filter>Header Files</Filter>
    </ClInclude>
    <ClInclude Include="src\io\common\io.h">
      <Filter>Header Files</Filter>
    </ClInclude>
    <ClInclude Include="src\entity\scene.h">
      <Filter>Header Files</Filter>
    </ClInclude>
    <ClInclude Include="src\buildsystems\scene_manager.h">
      <Filter>Header Files</Filter>
    </ClInclude>
    <ClInclude Include="src\common\serializeable.h">
      <Filter>Header Files</Filter>
    </ClInclude>
    <ClInclude Include="src\entity\game_object_behaviour.h">
      <Filter>Header Files</Filter>
    </ClInclude>
    <ClInclude Include="res\scripts\rotate.h">
      <Filter>Header Files</Filter>
    </ClInclude>
    <ClInclude Include="src\include\EngineCore.h">
      <Filter>Header Files</Filter>
    </ClInclude>
    <ClInclude Include="res\scripts\movement.h">
      <Filter>Header Files</Filter>
    </ClInclude>
    <ClInclude Include="src\include\EngineConfig.h">
      <Filter>Header Files</Filter>
    </ClInclude>
    <ClInclude Include="src\graphics\vulkan\vulkan_renderer.h">
      <Filter>Header Files</Filter>
    </ClInclude>
    <ClInclude Include="src\graphics\opengl\opengl_renderer.h">
      <Filter>Header Files</Filter>
    </ClInclude>
    <ClInclude Include="src\graphics\common\renderer_defs.h">
      <Filter>Header Files</Filter>
    </ClInclude>
  </ItemGroup>
  <ItemGroup>
    <None Include="res\shaders\basic.frag" />
    <None Include="res\shaders\basic.vert" />
    <None Include="res\filesystems\DATA.VFS" />
  </ItemGroup>
  <ItemGroup>
    <Image Include="dev_img\1.PNG">
      <Filter>Resource Files</Filter>
    </Image>
    <Image Include="dev_img\2.PNG">
      <Filter>Resource Files</Filter>
    </Image>
    <Image Include="dev_img\3.PNG">
      <Filter>Resource Files</Filter>
    </Image>
    <Image Include="dev_img\4.PNG">
      <Filter>Resource Files</Filter>
    </Image>
    <Image Include="dev_img\5.PNG">
      <Filter>Resource Files</Filter>
    </Image>
  </ItemGroup>
</Project>